{
  "name": "raster-toy",
  "version": "1.0.0",
  "lockfileVersion": 2,
  "requires": true,
  "packages": {
    "": {
      "name": "raster-toy",
      "version": "1.0.0",
      "license": "CC0-1.0",
      "dependencies": {
        "fs": "0.0.1-security",
        "image-decode": "^1.2.2",
        "path": "^0.12.7"
      },
      "devDependencies": {
        "@types/node": "^14.14.31",
        "tsc": "^1.20150623.0",
        "typescript": "^4.1.3"
      }
    },
    "node_modules/@types/node": {
      "version": "14.14.31",
      "resolved": "https://registry.npmjs.org/@types/node/-/node-14.14.31.tgz",
      "integrity": "sha512-vFHy/ezP5qI0rFgJ7aQnjDXwAMrG0KqqIH7tQG5PPv3BWBayOPIQNBjVc/P6hhdZfMx51REc6tfDNXHUio893g==",
      "dev": true
    },
    "node_modules/atob-lite": {
      "version": "2.0.0",
      "resolved": "https://registry.npm.taobao.org/atob-lite/download/atob-lite-2.0.0.tgz",
      "integrity": "sha1-D+9a1G8b16hQLGVyfwNn1e5D1pY="
    },
    "node_modules/bmp-js": {
      "version": "0.1.0",
      "resolved": "https://registry.npm.taobao.org/bmp-js/download/bmp-js-0.1.0.tgz",
      "integrity": "sha1-4Fpj95amwf8l9Hcex62twUjAcjM="
    },
    "node_modules/buffer-to-uint8array": {
      "version": "1.1.0",
      "resolved": "https://registry.npm.taobao.org/buffer-to-uint8array/download/buffer-to-uint8array-1.1.0.tgz",
      "integrity": "sha1-z29BKHwCL0WNp1LDkcGo1TXsX3I="
    },
    "node_modules/dtype": {
      "version": "2.0.0",
      "resolved": "https://registry.npm.taobao.org/dtype/download/dtype-2.0.0.tgz",
      "integrity": "sha1-zQUjI84GFETs0uj1dI9popvihDQ="
    },
    "node_modules/file-type": {
      "version": "10.11.0",
      "resolved": "https://registry.npm.taobao.org/file-type/download/file-type-10.11.0.tgz?cache=0&sync_timestamp=1604315099809&other_urls=https%3A%2F%2Fregistry.npm.taobao.org%2Ffile-type%2Fdownload%2Ffile-type-10.11.0.tgz",
      "integrity": "sha1-KWHQnkZ1ufuaPua2npzSP0P9GJA="
    },
    "node_modules/flatten-vertex-data": {
      "version": "1.0.2",
      "resolved": "https://registry.npm.taobao.org/flatten-vertex-data/download/flatten-vertex-data-1.0.2.tgz",
      "integrity": "sha1-iJ/WC+pQYAbKM5Ve4RBRdftiAhk=",
      "dependencies": {
        "dtype": "^2.0.0"
      }
    },
    "node_modules/fs": {
      "version": "0.0.1-security",
      "resolved": "https://registry.npmjs.org/fs/-/fs-0.0.1-security.tgz",
      "integrity": "sha1-invTcYa23d84E/I4WLV+yq9eQdQ="
    },
    "node_modules/image-decode": {
      "version": "1.2.2",
      "resolved": "https://registry.npm.taobao.org/image-decode/download/image-decode-1.2.2.tgz",
      "integrity": "sha1-TKdPxTTnEzxQlu1xLYxbzrW6H8Y=",
      "dependencies": {
        "bmp-js": "^0.1.0",
        "buffer-to-uint8array": "^1.1.0",
        "image-type": "^3.0.0",
        "jpeg-js": "^0.3.4",
        "omggif": "^1.0.9",
        "pngjs": "^3.3.3",
        "to-array-buffer": "^3.0.0",
        "utif": "^2.0.1"
      }
    },
    "node_modules/image-type": {
      "version": "3.1.0",
      "resolved": "https://registry.npm.taobao.org/image-type/download/image-type-3.1.0.tgz",
      "integrity": "sha1-kUiUTEDBbWVxdK8r0a8512fCwp8=",
      "dependencies": {
        "file-type": "^10.9.0"
      }
    },
    "node_modules/inherits": {
      "version": "2.0.3",
      "resolved": "https://registry.npmjs.org/inherits/-/inherits-2.0.3.tgz",
      "integrity": "sha1-Yzwsg+PaQqUC9SRmAiSA9CCCYd4="
    },
    "node_modules/is-base64": {
      "version": "0.1.0",
      "resolved": "https://registry.npm.taobao.org/is-base64/download/is-base64-0.1.0.tgz",
      "integrity": "sha1-pvIGEMbvSGOlHLoyvAIiVEuTJiI="
    },
    "node_modules/is-blob": {
      "version": "2.1.0",
      "resolved": "https://registry.npm.taobao.org/is-blob/download/is-blob-2.1.0.tgz",
      "integrity": "sha1-42zYLJBlPx4bkw8RuvnGQhagU4U="
    },
    "node_modules/jpeg-js": {
      "version": "0.3.7",
      "resolved": "https://registry.npm.taobao.org/jpeg-js/download/jpeg-js-0.3.7.tgz",
      "integrity": "sha1-RxqJ0GARZAWS0xQVhghpAXKxAo0="
    },
    "node_modules/omggif": {
      "version": "1.0.10",
      "resolved": "https://registry.npm.taobao.org/omggif/download/omggif-1.0.10.tgz",
      "integrity": "sha1-3ar5DUpC9TLp58s6lezdR/F8exk="
    },
    "node_modules/pako": {
      "version": "1.0.11",
      "resolved": "https://registry.npm.taobao.org/pako/download/pako-1.0.11.tgz",
      "integrity": "sha1-bJWZ00DVTf05RjgCUqNXBaa5kr8="
    },
    "node_modules/path": {
      "version": "0.12.7",
      "resolved": "https://registry.npmjs.org/path/-/path-0.12.7.tgz",
      "integrity": "sha1-1NwqUGxM4hl+tIHr/NWzbAFAsQ8=",
      "dependencies": {
        "process": "^0.11.1",
        "util": "^0.10.3"
      }
    },
    "node_modules/pngjs": {
      "version": "3.4.0",
      "resolved": "https://registry.npm.taobao.org/pngjs/download/pngjs-3.4.0.tgz",
      "integrity": "sha1-mcp9clll+2VYFOr2XzjxK72/VV8="
    },
    "node_modules/process": {
      "version": "0.11.10",
      "resolved": "https://registry.npmjs.org/process/-/process-0.11.10.tgz",
      "integrity": "sha1-czIwDoQBYb2j5podHZGn1LwW8YI="
    },
    "node_modules/string-to-arraybuffer": {
      "version": "1.0.2",
      "resolved": "https://registry.npm.taobao.org/string-to-arraybuffer/download/string-to-arraybuffer-1.0.2.tgz",
      "integrity": "sha1-FhFH+63qAuKLCTUALOxMQPHKfwo=",
      "dependencies": {
        "atob-lite": "^2.0.0",
        "is-base64": "^0.1.0"
      }
    },
    "node_modules/to-array-buffer": {
      "version": "3.2.0",
      "resolved": "https://registry.npm.taobao.org/to-array-buffer/download/to-array-buffer-3.2.0.tgz",
      "integrity": "sha1-y2hN1pGnNow7JJwjSNdSJ/fU27Q=",
      "dependencies": {
        "flatten-vertex-data": "^1.0.2",
        "is-blob": "^2.0.1",
        "string-to-arraybuffer": "^1.0.0"
      }
    },
    "node_modules/tsc": {
      "version": "1.20150623.0",
      "resolved": "https://registry.npm.taobao.org/tsc/download/tsc-1.20150623.0.tgz",
      "integrity": "sha1-Trw8d04WkUjLx2inNCUz8ILHpuU=",
      "dev": true
    },
    "node_modules/typescript": {
      "version": "4.1.3",
      "resolved": "https://registry.npm.taobao.org/typescript/download/typescript-4.1.3.tgz?cache=0&sync_timestamp=1608446729281&other_urls=https%3A%2F%2Fregistry.npm.taobao.org%2Ftypescript%2Fdownload%2Ftypescript-4.1.3.tgz",
      "integrity": "sha1-UZ1YK9lMugz4k0x9joRn5HP1O7c=",
      "dev": true
    },
    "node_modules/utif": {
      "version": "2.0.1",
      "resolved": "https://registry.npm.taobao.org/utif/download/utif-2.0.1.tgz",
      "integrity": "sha1-nhWC2bvSABGmWIVI7TJmKY5xF1k=",
      "dependencies": {
        "pako": "^1.0.5"
      }
    },
    "node_modules/util": {
      "version": "0.10.4",
      "resolved": "https://registry.npmjs.org/util/-/util-0.10.4.tgz",
      "integrity": "sha512-0Pm9hTQ3se5ll1XihRic3FDIku70C+iHUdT/W926rSgHV5QgXsYbKZN8MSC3tJtSkhuROzvsQjAaFENRXr+19A==",
      "dependencies": {
        "inherits": "2.0.3"
      }
    }
  },
  "dependencies": {
    "@types/node": {
      "version": "14.14.31",
      "resolved": "https://registry.npmjs.org/@types/node/-/node-14.14.31.tgz",
      "integrity": "sha512-vFHy/ezP5qI0rFgJ7aQnjDXwAMrG0KqqIH7tQG5PPv3BWBayOPIQNBjVc/P6hhdZfMx51REc6tfDNXHUio893g==",
      "dev": true
    },
    "atob-lite": {
      "version": "2.0.0",
      "resolved": "https://registry.npm.taobao.org/atob-lite/download/atob-lite-2.0.0.tgz",
      "integrity": "sha1-D+9a1G8b16hQLGVyfwNn1e5D1pY="
    },
    "bmp-js": {
      "version": "0.1.0",
      "resolved": "https://registry.npm.taobao.org/bmp-js/download/bmp-js-0.1.0.tgz",
      "integrity": "sha1-4Fpj95amwf8l9Hcex62twUjAcjM="
    },
    "buffer-to-uint8array": {
      "version": "1.1.0",
      "resolved": "https://registry.npm.taobao.org/buffer-to-uint8array/download/buffer-to-uint8array-1.1.0.tgz",
      "integrity": "sha1-z29BKHwCL0WNp1LDkcGo1TXsX3I="
    },
    "dtype": {
      "version": "2.0.0",
      "resolved": "https://registry.npm.taobao.org/dtype/download/dtype-2.0.0.tgz",
      "integrity": "sha1-zQUjI84GFETs0uj1dI9popvihDQ="
    },
    "file-type": {
      "version": "10.11.0",
      "resolved": "https://registry.npm.taobao.org/file-type/download/file-type-10.11.0.tgz?cache=0&sync_timestamp=1604315099809&other_urls=https%3A%2F%2Fregistry.npm.taobao.org%2Ffile-type%2Fdownload%2Ffile-type-10.11.0.tgz",
      "integrity": "sha1-KWHQnkZ1ufuaPua2npzSP0P9GJA="
    },
    "flatten-vertex-data": {
      "version": "1.0.2",
      "resolved": "https://registry.npm.taobao.org/flatten-vertex-data/download/flatten-vertex-data-1.0.2.tgz",
      "integrity": "sha1-iJ/WC+pQYAbKM5Ve4RBRdftiAhk=",
      "requires": {
        "dtype": "^2.0.0"
      }
    },
    "fs": {
      "version": "0.0.1-security",
      "resolved": "https://registry.npmjs.org/fs/-/fs-0.0.1-security.tgz",
      "integrity": "sha1-invTcYa23d84E/I4WLV+yq9eQdQ="
    },
    "image-decode": {
      "version": "1.2.2",
      "resolved": "https://registry.npm.taobao.org/image-decode/download/image-decode-1.2.2.tgz",
      "integrity": "sha1-TKdPxTTnEzxQlu1xLYxbzrW6H8Y=",
      "requires": {
        "bmp-js": "^0.1.0",
        "buffer-to-uint8array": "^1.1.0",
        "image-type": "^3.0.0",
        "jpeg-js": "^0.3.4",
        "omggif": "^1.0.9",
        "pngjs": "^3.3.3",
        "to-array-buffer": "^3.0.0",
        "utif": "^2.0.1"
      }
    },
    "image-type": {
      "version": "3.1.0",
      "resolved": "https://registry.npm.taobao.org/image-type/download/image-type-3.1.0.tgz",
      "integrity": "sha1-kUiUTEDBbWVxdK8r0a8512fCwp8=",
      "requires": {
        "file-type": "^10.9.0"
      }
    },
    "inherits": {
      "version": "2.0.3",
      "resolved": "https://registry.npmjs.org/inherits/-/inherits-2.0.3.tgz",
      "integrity": "sha1-Yzwsg+PaQqUC9SRmAiSA9CCCYd4="
    },
    "is-base64": {
      "version": "0.1.0",
      "resolved": "https://registry.npm.taobao.org/is-base64/download/is-base64-0.1.0.tgz",
      "integrity": "sha1-pvIGEMbvSGOlHLoyvAIiVEuTJiI="
    },
    "is-blob": {
      "version": "2.1.0",
      "resolved": "https://registry.npm.taobao.org/is-blob/download/is-blob-2.1.0.tgz",
      "integrity": "sha1-42zYLJBlPx4bkw8RuvnGQhagU4U="
    },
    "jpeg-js": {
      "version": "0.3.7",
      "resolved": "https://registry.npm.taobao.org/jpeg-js/download/jpeg-js-0.3.7.tgz",
      "integrity": "sha1-RxqJ0GARZAWS0xQVhghpAXKxAo0="
    },
    "omggif": {
      "version": "1.0.10",
      "resolved": "https://registry.npm.taobao.org/omggif/download/omggif-1.0.10.tgz",
      "integrity": "sha1-3ar5DUpC9TLp58s6lezdR/F8exk="
    },
    "pako": {
      "version": "1.0.11",
      "resolved": "https://registry.npm.taobao.org/pako/download/pako-1.0.11.tgz",
      "integrity": "sha1-bJWZ00DVTf05RjgCUqNXBaa5kr8="
    },
    "path": {
      "version": "0.12.7",
      "resolved": "https://registry.npmjs.org/path/-/path-0.12.7.tgz",
      "integrity": "sha1-1NwqUGxM4hl+tIHr/NWzbAFAsQ8=",
      "requires": {
        "process": "^0.11.1",
        "util": "^0.10.3"
      }
    },
    "pngjs": {
      "version": "3.4.0",
      "resolved": "https://registry.npm.taobao.org/pngjs/download/pngjs-3.4.0.tgz",
      "integrity": "sha1-mcp9clll+2VYFOr2XzjxK72/VV8="
    },
    "process": {
      "version": "0.11.10",
      "resolved": "https://registry.npmjs.org/process/-/process-0.11.10.tgz",
      "integrity": "sha1-czIwDoQBYb2j5podHZGn1LwW8YI="
    },
    "string-to-arraybuffer": {
      "version": "1.0.2",
      "resolved": "https://registry.npm.taobao.org/string-to-arraybuffer/download/string-to-arraybuffer-1.0.2.tgz",
      "integrity": "sha1-FhFH+63qAuKLCTUALOxMQPHKfwo=",
      "requires": {
        "atob-lite": "^2.0.0",
        "is-base64": "^0.1.0"
      }
    },
    "to-array-buffer": {
      "version": "3.2.0",
      "resolved": "https://registry.npm.taobao.org/to-array-buffer/download/to-array-buffer-3.2.0.tgz",
      "integrity": "sha1-y2hN1pGnNow7JJwjSNdSJ/fU27Q=",
      "requires": {
        "flatten-vertex-data": "^1.0.2",
        "is-blob": "^2.0.1",
        "string-to-arraybuffer": "^1.0.0"
      }
    },
    "tsc": {
      "version": "1.20150623.0",
      "resolved": "https://registry.npm.taobao.org/tsc/download/tsc-1.20150623.0.tgz",
      "integrity": "sha1-Trw8d04WkUjLx2inNCUz8ILHpuU=",
      "dev": true
    },
    "typescript": {
      "version": "4.1.3",
      "resolved": "https://registry.npm.taobao.org/typescript/download/typescript-4.1.3.tgz?cache=0&sync_timestamp=1608446729281&other_urls=https%3A%2F%2Fregistry.npm.taobao.org%2Ftypescript%2Fdownload%2Ftypescript-4.1.3.tgz",
      "integrity": "sha1-UZ1YK9lMugz4k0x9joRn5HP1O7c=",
      "dev": true
    },
    "utif": {
      "version": "2.0.1",
      "resolved": "https://registry.npm.taobao.org/utif/download/utif-2.0.1.tgz",
      "integrity": "sha1-nhWC2bvSABGmWIVI7TJmKY5xF1k=",
      "requires": {
        "pako": "^1.0.5"
      }
    },
    "util": {
      "version": "0.10.4",
      "resolved": "https://registry.npmjs.org/util/-/util-0.10.4.tgz",
      "integrity": "sha512-0Pm9hTQ3se5ll1XihRic3FDIku70C+iHUdT/W926rSgHV5QgXsYbKZN8MSC3tJtSkhuROzvsQjAaFENRXr+19A==",
      "requires": {
        "inherits": "2.0.3"
      }
    }
  }
}
